
Microsoft Visual Studio Solution File, Format Version 12.00
# Visual Studio 15
VisualStudioVersion = 15.0.28307.329
MinimumVisualStudioVersion = 10.0.40219.1
Project("{9A19103F-16F7-4668-BE54-9A1E7A4F7556}") = "HotelAdministrationSystem", "HotelAdministrationSystem\HotelAdministrationSystem.csproj", "{4C1CADCF-1C2E-436C-9217-77AB167C80BD}"
EndProject
Project("{9A19103F-16F7-4668-BE54-9A1E7A4F7556}") = "HotelAdministrationSystem.Domain", "HotelAdministrationSystem.Domain\HotelAdministrationSystem.Domain.csproj", "{93C931FE-79AB-441F-86C7-26FFE2DE1E32}"
EndProject
Project("{9A19103F-16F7-4668-BE54-9A1E7A4F7556}") = "HotelAdministrationSystem.Domain.Entities", "HotelAdministrationSystem.Domain.Entities\HotelAdministrationSystem.Domain.Entities.csproj", "{44B30CCC-E627-46F8-9EB8-61E0D99B2C69}"
EndProject
Project("{9A19103F-16F7-4668-BE54-9A1E7A4F7556}") = "HotelAdministrationSystem.Contracts", "HotelAdministrationSystem.Contracts\HotelAdministrationSystem.Contracts.csproj", "{A5BD4E3F-B2F9-44C3-8282-E6E7DDD54C8F}"
EndProject
Project("{2150E333-8FDC-42A3-9474-1A3956D46DE8}") = "Administration", "Administration", "{300FA026-1A06-4EF9-820C-949B51405D51}"
EndProject
Project("{2150E333-8FDC-42A3-9474-1A3956D46DE8}") = "Authorization", "Authorization", "{03FAB006-A78F-4D34-91A0-F5587BE3F17C}"
EndProject
Project("{2150E333-8FDC-42A3-9474-1A3956D46DE8}") = "Solution Items", "Solution Items", "{738FE705-AFA3-4CDB-BB30-E918205A360B}"
	ProjectSection(SolutionItems) = preProject
		docker-compose.yml = docker-compose.yml
	EndProjectSection
EndProject
Project("{FAE04EC0-301F-11D3-BF4B-00C04F79EFBC}") = "AuthorizationSystem", "AuthorizationSystem\AuthorizationSystem.csproj", "{96E45E46-F55A-45F0-BA30-0CE9F110BDDE}"
EndProject
Project("{FAE04EC0-301F-11D3-BF4B-00C04F79EFBC}") = "AuthorizationSystem.Domain", "AuthorizationSystem.Domain\AuthorizationSystem.Domain.csproj", "{0A237C44-5F17-46F7-93F9-4C688F801B5A}"
EndProject
Project("{FAE04EC0-301F-11D3-BF4B-00C04F79EFBC}") = "AuthorizationSystem.Domain.Entities", "AuthorizationSystem.Domain.Entities\AuthorizationSystem.Domain.Entities.csproj", "{B97B9DAB-2326-4A18-B8D3-E40944B3CC47}"
EndProject
Project("{FAE04EC0-301F-11D3-BF4B-00C04F79EFBC}") = "AuthorizationSystem.Contracts", "AuthorizationSystem.Contracts\AuthorizationSystem.Contracts.csproj", "{F80C6116-B78D-4482-A962-DCC13C86918E}"
EndProject
Global
	GlobalSection(SolutionConfigurationPlatforms) = preSolution
		Debug|Any CPU = Debug|Any CPU
		Debug|x64 = Debug|x64
		Release|Any CPU = Release|Any CPU
		Release|x64 = Release|x64
	EndGlobalSection
	GlobalSection(ProjectConfigurationPlatforms) = postSolution
		{4C1CADCF-1C2E-436C-9217-77AB167C80BD}.Debug|Any CPU.ActiveCfg = Debug|Any CPU
		{4C1CADCF-1C2E-436C-9217-77AB167C80BD}.Debug|Any CPU.Build.0 = Debug|Any CPU
		{4C1CADCF-1C2E-436C-9217-77AB167C80BD}.Debug|x64.ActiveCfg = Debug|Any CPU
		{4C1CADCF-1C2E-436C-9217-77AB167C80BD}.Debug|x64.Build.0 = Debug|Any CPU
		{4C1CADCF-1C2E-436C-9217-77AB167C80BD}.Release|Any CPU.ActiveCfg = Release|Any CPU
		{4C1CADCF-1C2E-436C-9217-77AB167C80BD}.Release|Any CPU.Build.0 = Release|Any CPU
		{4C1CADCF-1C2E-436C-9217-77AB167C80BD}.Release|x64.ActiveCfg = Release|Any CPU
		{4C1CADCF-1C2E-436C-9217-77AB167C80BD}.Release|x64.Build.0 = Release|Any CPU
		{93C931FE-79AB-441F-86C7-26FFE2DE1E32}.Debug|Any CPU.ActiveCfg = Debug|Any CPU
		{93C931FE-79AB-441F-86C7-26FFE2DE1E32}.Debug|Any CPU.Build.0 = Debug|Any CPU
		{93C931FE-79AB-441F-86C7-26FFE2DE1E32}.Debug|x64.ActiveCfg = Debug|Any CPU
		{93C931FE-79AB-441F-86C7-26FFE2DE1E32}.Debug|x64.Build.0 = Debug|Any CPU
		{93C931FE-79AB-441F-86C7-26FFE2DE1E32}.Release|Any CPU.ActiveCfg = Release|Any CPU
		{93C931FE-79AB-441F-86C7-26FFE2DE1E32}.Release|Any CPU.Build.0 = Release|Any CPU
		{93C931FE-79AB-441F-86C7-26FFE2DE1E32}.Release|x64.ActiveCfg = Release|Any CPU
		{93C931FE-79AB-441F-86C7-26FFE2DE1E32}.Release|x64.Build.0 = Release|Any CPU
		{44B30CCC-E627-46F8-9EB8-61E0D99B2C69}.Debug|Any CPU.ActiveCfg = Debug|Any CPU
		{44B30CCC-E627-46F8-9EB8-61E0D99B2C69}.Debug|Any CPU.Build.0 = Debug|Any CPU
		{44B30CCC-E627-46F8-9EB8-61E0D99B2C69}.Debug|x64.ActiveCfg = Debug|Any CPU
		{44B30CCC-E627-46F8-9EB8-61E0D99B2C69}.Debug|x64.Build.0 = Debug|Any CPU
		{44B30CCC-E627-46F8-9EB8-61E0D99B2C69}.Release|Any CPU.ActiveCfg = Release|Any CPU
		{44B30CCC-E627-46F8-9EB8-61E0D99B2C69}.Release|Any CPU.Build.0 = Release|Any CPU
		{44B30CCC-E627-46F8-9EB8-61E0D99B2C69}.Release|x64.ActiveCfg = Release|Any CPU
		{44B30CCC-E627-46F8-9EB8-61E0D99B2C69}.Release|x64.Build.0 = Release|Any CPU
		{A5BD4E3F-B2F9-44C3-8282-E6E7DDD54C8F}.Debug|Any CPU.ActiveCfg = Debug|Any CPU
		{A5BD4E3F-B2F9-44C3-8282-E6E7DDD54C8F}.Debug|Any CPU.Build.0 = Debug|Any CPU
		{A5BD4E3F-B2F9-44C3-8282-E6E7DDD54C8F}.Debug|x64.ActiveCfg = Debug|Any CPU
		{A5BD4E3F-B2F9-44C3-8282-E6E7DDD54C8F}.Debug|x64.Build.0 = Debug|Any CPU
		{A5BD4E3F-B2F9-44C3-8282-E6E7DDD54C8F}.Release|Any CPU.ActiveCfg = Release|Any CPU
		{A5BD4E3F-B2F9-44C3-8282-E6E7DDD54C8F}.Release|Any CPU.Build.0 = Release|Any CPU
		{A5BD4E3F-B2F9-44C3-8282-E6E7DDD54C8F}.Release|x64.ActiveCfg = Release|Any CPU
		{A5BD4E3F-B2F9-44C3-8282-E6E7DDD54C8F}.Release|x64.Build.0 = Release|Any CPU
		{96E45E46-F55A-45F0-BA30-0CE9F110BDDE}.Debug|Any CPU.ActiveCfg = Debug|Any CPU
		{96E45E46-F55A-45F0-BA30-0CE9F110BDDE}.Debug|Any CPU.Build.0 = Debug|Any CPU
		{96E45E46-F55A-45F0-BA30-0CE9F110BDDE}.Debug|x64.ActiveCfg = Debug|x64
		{96E45E46-F55A-45F0-BA30-0CE9F110BDDE}.Debug|x64.Build.0 = Debug|x64
		{96E45E46-F55A-45F0-BA30-0CE9F110BDDE}.Release|Any CPU.ActiveCfg = Release|Any CPU
		{96E45E46-F55A-45F0-BA30-0CE9F110BDDE}.Release|Any CPU.Build.0 = Release|Any CPU
		{96E45E46-F55A-45F0-BA30-0CE9F110BDDE}.Release|x64.ActiveCfg = Release|x64
		{96E45E46-F55A-45F0-BA30-0CE9F110BDDE}.Release|x64.Build.0 = Release|x64
		{0A237C44-5F17-46F7-93F9-4C688F801B5A}.Debug|Any CPU.ActiveCfg = Debug|Any CPU
		{0A237C44-5F17-46F7-93F9-4C688F801B5A}.Debug|Any CPU.Build.0 = Debug|Any CPU
		{0A237C44-5F17-46F7-93F9-4C688F801B5A}.Debug|x64.ActiveCfg = Debug|Any CPU
		{0A237C44-5F17-46F7-93F9-4C688F801B5A}.Debug|x64.Build.0 = Debug|Any CPU
		{0A237C44-5F17-46F7-93F9-4C688F801B5A}.Release|Any CPU.ActiveCfg = Release|Any CPU
		{0A237C44-5F17-46F7-93F9-4C688F801B5A}.Release|Any CPU.Build.0 = Release|Any CPU
		{0A237C44-5F17-46F7-93F9-4C688F801B5A}.Release|x64.ActiveCfg = Release|Any CPU
		{0A237C44-5F17-46F7-93F9-4C688F801B5A}.Release|x64.Build.0 = Release|Any CPU
		{B97B9DAB-2326-4A18-B8D3-E40944B3CC47}.Debug|Any CPU.ActiveCfg = Debug|Any CPU
		{B97B9DAB-2326-4A18-B8D3-E40944B3CC47}.Debug|Any CPU.Build.0 = Debug|Any CPU
		{B97B9DAB-2326-4A18-B8D3-E40944B3CC47}.Debug|x64.ActiveCfg = Debug|Any CPU
		{B97B9DAB-2326-4A18-B8D3-E40944B3CC47}.Debug|x64.Build.0 = Debug|Any CPU
		{B97B9DAB-2326-4A18-B8D3-E40944B3CC47}.Release|Any CPU.ActiveCfg = Release|Any CPU
		{B97B9DAB-2326-4A18-B8D3-E40944B3CC47}.Release|Any CPU.Build.0 = Release|Any CPU
		{B97B9DAB-2326-4A18-B8D3-E40944B3CC47}.Release|x64.ActiveCfg = Release|Any CPU
		{B97B9DAB-2326-4A18-B8D3-E40944B3CC47}.Release|x64.Build.0 = Release|Any CPU
		{F80C6116-B78D-4482-A962-DCC13C86918E}.Debug|Any CPU.ActiveCfg = Debug|Any CPU
		{F80C6116-B78D-4482-A962-DCC13C86918E}.Debug|Any CPU.Build.0 = Debug|Any CPU
		{F80C6116-B78D-4482-A962-DCC13C86918E}.Debug|x64.ActiveCfg = Debug|Any CPU
		{F80C6116-B78D-4482-A962-DCC13C86918E}.Debug|x64.Build.0 = Debug|Any CPU
		{F80C6116-B78D-4482-A962-DCC13C86918E}.Release|Any CPU.ActiveCfg = Release|Any CPU
		{F80C6116-B78D-4482-A962-DCC13C86918E}.Release|Any CPU.Build.0 = Release|Any CPU
		{F80C6116-B78D-4482-A962-DCC13C86918E}.Release|x64.ActiveCfg = Release|Any CPU
		{F80C6116-B78D-4482-A962-DCC13C86918E}.Release|x64.Build.0 = Release|Any CPU
	EndGlobalSection
	GlobalSection(SolutionProperties) = preSolution
		HideSolutionNode = FALSE
	EndGlobalSection
	GlobalSection(NestedProjects) = preSolution
		{4C1CADCF-1C2E-436C-9217-77AB167C80BD} = {300FA026-1A06-4EF9-820C-949B51405D51}
		{93C931FE-79AB-441F-86C7-26FFE2DE1E32} = {300FA026-1A06-4EF9-820C-949B51405D51}
		{44B30CCC-E627-46F8-9EB8-61E0D99B2C69} = {300FA026-1A06-4EF9-820C-949B51405D51}
		{A5BD4E3F-B2F9-44C3-8282-E6E7DDD54C8F} = {300FA026-1A06-4EF9-820C-949B51405D51}
		{96E45E46-F55A-45F0-BA30-0CE9F110BDDE} = {03FAB006-A78F-4D34-91A0-F5587BE3F17C}
		{0A237C44-5F17-46F7-93F9-4C688F801B5A} = {03FAB006-A78F-4D34-91A0-F5587BE3F17C}
		{B97B9DAB-2326-4A18-B8D3-E40944B3CC47} = {03FAB006-A78F-4D34-91A0-F5587BE3F17C}
		{F80C6116-B78D-4482-A962-DCC13C86918E} = {03FAB006-A78F-4D34-91A0-F5587BE3F17C}
	EndGlobalSection
	GlobalSection(ExtensibilityGlobals) = postSolution
		SolutionGuid = {CDB66515-F000-4898-8B54-2B02D1B74D10}
	EndGlobalSection
EndGlobal
